source:
    repository: mostafakhairy0305-dot/TaskOtter-store
    requested_version: ""
    source_ref: refs/heads/main
    resolved_commit: 8db977e8ac499d8578b7e776f6a7c1ba66d3a583
    default_branch: main
configuration:
    target_folder: taskfiles
    tasks:
        - go
        - hadolint
        - yamllint
        - actionlint
        - zizmor
        - gh
    node_package_manager: bun
    node_version_manager: ""
    includes_doc: true
resolved_modules:
    requested:
        actionlint:
            source_module: actionlint
            destination_module: actionlint
            path: taskfiles/actionlint
        gh:
            source_module: gh
            destination_module: gh
            path: taskfiles/gh
        go:
            source_module: go
            destination_module: go
            path: taskfiles/go
        hadolint:
            source_module: hadolint
            destination_module: hadolint
            path: taskfiles/hadolint
        yamllint:
            source_module: yamllint
            destination_module: yamllint
            path: taskfiles/yamllint
        zizmor:
            source_module: zizmor
            destination_module: zizmor
            path: taskfiles/zizmor
    dependencies:
        - source_module: jq
          destination_module: jq
          path: taskfiles/jq
        - source_module: uv
          destination_module: uv
          path: taskfiles/uv
managed_files:
    - source_module: actionlint
      destination_module: actionlint
      source_path: taskfiles/actionlint/README.md
      path: taskfiles/actionlint/README.md
      sha256: 39cbde1cfea24597cb997c550e136b6b02faaedd88e0e3c840905108b411e338
    - source_module: actionlint
      destination_module: actionlint
      source_path: taskfiles/actionlint/Taskfile.yml
      path: taskfiles/actionlint/Taskfile.yml
      sha256: bcfd9726148b384f730d3a757c57a0ff4c7226f5646d4b84cdcfbb4725a3821b
    - source_module: actionlint
      destination_module: actionlint
      source_path: taskfiles/actionlint/actionlint_test.go
      path: taskfiles/actionlint/actionlint_test.go
      sha256: 5347c3f0687b022c5d1f41c432c19fdea18b4e937dc175ab18903bb1f436d2ab
    - source_module: gh
      destination_module: gh
      source_path: taskfiles/gh/README.md
      path: taskfiles/gh/README.md
      sha256: ffc2dbb74dd12cac167fa38877dab0d2ca6bb7b75ac49255ca5422ce2cfd10ff
    - source_module: gh
      destination_module: gh
      source_path: taskfiles/gh/Taskfile.yml
      path: taskfiles/gh/Taskfile.yml
      sha256: 658414ba9ed7da489dfa2bb121c7776567e4305884af2b16d54b079586f87024
    - source_module: gh
      destination_module: gh
      source_path: taskfiles/gh/gh_test.go
      path: taskfiles/gh/gh_test.go
      sha256: d9df075db02358b351efc864cb015938e817bc141da99910d1d1b7843dc31421
    - source_module: go
      destination_module: go
      source_path: taskfiles/go/README.md
      path: taskfiles/go/README.md
      sha256: 6a969aa03a65c7edae020f49de241fb7e385a44a6c52c2ae1ebbc4e111daec38
    - source_module: go
      destination_module: go
      source_path: taskfiles/go/Taskfile.yml
      path: taskfiles/go/Taskfile.yml
      sha256: 12b18ea566544810e361c2e29f1d4ae1400bca29e6b4ce643b652e8897f98397
    - source_module: go
      destination_module: go
      source_path: taskfiles/go/go_test.go
      path: taskfiles/go/go_test.go
      sha256: 3f9c3059f0624ae7fc79b1a77adfbaa395f152c7836626e117dcafa16d1e8300
    - source_module: hadolint
      destination_module: hadolint
      source_path: taskfiles/hadolint/README.md
      path: taskfiles/hadolint/README.md
      sha256: 827274cf089c5aa2a65181951482810072c6a56a9d693b3b5a7b7591e5415259
    - source_module: hadolint
      destination_module: hadolint
      source_path: taskfiles/hadolint/Taskfile.yml
      path: taskfiles/hadolint/Taskfile.yml
      sha256: 3a60ccca4aec1b0d59bd8cc5e3ba5f356b361fbe6be34e345e9d5a94a348b22b
    - source_module: hadolint
      destination_module: hadolint
      source_path: taskfiles/hadolint/hadolint_test.go
      path: taskfiles/hadolint/hadolint_test.go
      sha256: e597573e42a01c48a85242847809547c51bf232539c612fe901636afa576ff03
    - source_module: jq
      destination_module: jq
      source_path: taskfiles/jq/README.md
      path: taskfiles/jq/README.md
      sha256: 8405eb6db5cdeec80e6f5c7cec989194ceb4175a3625f0bdd6a8d446ae3fc708
    - source_module: jq
      destination_module: jq
      source_path: taskfiles/jq/Taskfile.yml
      path: taskfiles/jq/Taskfile.yml
      sha256: 1b29d2b6a65874e4226ed16056a106eb6ab5e6d11bb2390c1e26ed0df599af38
    - source_module: jq
      destination_module: jq
      source_path: taskfiles/jq/jq_test.go
      path: taskfiles/jq/jq_test.go
      sha256: 646234c90d0d7417e278a3226ccd24852b055fb2e3369ba3d651e610c5f2dc55
    - source_module: uv
      destination_module: uv
      source_path: taskfiles/uv/README.md
      path: taskfiles/uv/README.md
      sha256: 1a560a13bd56ff284cf3f13d0041543f5652eda5a12b5f9c4b5cd90199e375d7
    - source_module: uv
      destination_module: uv
      source_path: taskfiles/uv/Taskfile.yml
      path: taskfiles/uv/Taskfile.yml
      sha256: 9fc6e54e48563256909a1afa8a06ab542600b93685593e573541cdba8a78b25c
    - source_module: uv
      destination_module: uv
      source_path: taskfiles/uv/uv_test.go
      path: taskfiles/uv/uv_test.go
      sha256: 3d1bb004ff4a0f6ef555444bd88789c60de423e58c7b9626cff1b60fc21dc3e3
    - source_module: yamllint
      destination_module: yamllint
      source_path: taskfiles/yamllint/README.md
      path: taskfiles/yamllint/README.md
      sha256: ecabb202284e3b14d9f4d023d6ec6294938f174593db6bad06bfa070f78a321b
    - source_module: yamllint
      destination_module: yamllint
      source_path: taskfiles/yamllint/Taskfile.yml
      path: taskfiles/yamllint/Taskfile.yml
      sha256: 3fb4c763b7600e5c018f7ad3e55137a5b3cc208512c25217a5034d038a9bf509
    - source_module: yamllint
      destination_module: yamllint
      source_path: taskfiles/yamllint/yamllint_test.go
      path: taskfiles/yamllint/yamllint_test.go
      sha256: 7e5f7546c6082d850ba670e33ef5fcd75edbae48e2fe36a63912213b5ab3e9aa
    - source_module: zizmor
      destination_module: zizmor
      source_path: taskfiles/zizmor/README.md
      path: taskfiles/zizmor/README.md
      sha256: eebd4e956e9217de172fa60fde263d36eb81225a73659e88c2651f831ab74b2e
    - source_module: zizmor
      destination_module: zizmor
      source_path: taskfiles/zizmor/Taskfile.yml
      path: taskfiles/zizmor/Taskfile.yml
      sha256: 29c72fcfbe668ede624a1a29cb0ecf165a8b2185f54a3aa3789e0c2ef1751589
    - source_module: zizmor
      destination_module: zizmor
      source_path: taskfiles/zizmor/zizmor_test.go
      path: taskfiles/zizmor/zizmor_test.go
      sha256: 2dbc8f18f7087fd0ca4a1655d6b4941ab9427b0e61b130c1c2462d4b0e246d4d
